
Microsoft Visual Studio Solution File, Format Version 12.00
# Visual Studio Version 16
VisualStudioVersion = 16.0.30225.117
MinimumVisualStudioVersion = 10.0.40219.1
Project("{FAE04EC0-301F-11D3-BF4B-00C04F79EFBC}") = "ChatApplication-Server", "ChatApplication-Server\ChatApplication-Server.csproj", "{6FD4B769-3C4E-444D-AF15-10844FEA4FA9}"
EndProject
Global
	GlobalSection(SolutionConfigurationPlatforms) = preSolution
		Debug|Any CPU = Debug|Any CPU
		Release|Any CPU = Release|Any CPU
	EndGlobalSection
	GlobalSection(ProjectConfigurationPlatforms) = postSolution
		{6FD4B769-3C4E-444D-AF15-10844FEA4FA9}.Debug|Any CPU.ActiveCfg = Debug|Any CPU
		{6FD4B769-3C4E-444D-AF15-10844FEA4FA9}.Debug|Any CPU.Build.0 = Debug|Any CPU
		{6FD4B769-3C4E-444D-AF15-10844FEA4FA9}.Release|Any CPU.ActiveCfg = Release|Any CPU
		{6FD4B769-3C4E-444D-AF15-10844FEA4FA9}.Release|Any CPU.Build.0 = Release|Any CPU
	EndGlobalSection
	GlobalSection(SolutionProperties) = preSolution
		HideSolutionNode = FALSE
	EndGlobalSection
	GlobalSection(ExtensibilityGlobals) = postSolution
		SolutionGuid = {5BB7F923-5671-4E3A-B2FD-9C1437A379B4}
	EndGlobalSection
EndGlobal
